
Microsoft Visual Studio Solution File, Format Version 12.00
# Visual Studio Version 17
VisualStudioVersion = 17.5.2.0
MinimumVisualStudioVersion = 10.0.40219.1
Project("{FAE04EC0-301F-11D3-BF4B-00C04F79EFBC}") = "exercise-01-api", "exercise-01-api\exercise-01-api.csproj", "{E22B62BF-3346-7BDD-E2B8-98440FDA957B}"
EndProject
Project("{2150E333-8FDC-42A3-9474-1A3956D46DE8}") = "exercise-01-folder", "exercise-01-folder", "{E2346E49-BBDF-0C76-6C7D-E878BE40B590}"
EndProject
Project("{FAE04EC0-301F-11D3-BF4B-00C04F79EFBC}") = "exercise-01-tests", "exercise-01-tests\exercise-01-tests.csproj", "{3DB7208D-6A3E-45BE-B3E2-E68E5EFFC5B4}"
EndProject
Global
	GlobalSection(SolutionConfigurationPlatforms) = preSolution
		Debug|Any CPU = Debug|Any CPU
		Debug|x64 = Debug|x64
		Debug|x86 = Debug|x86
		Release|Any CPU = Release|Any CPU
		Release|x64 = Release|x64
		Release|x86 = Release|x86
	EndGlobalSection
	GlobalSection(ProjectConfigurationPlatforms) = postSolution
		{E22B62BF-3346-7BDD-E2B8-98440FDA957B}.Debug|Any CPU.ActiveCfg = Debug|Any CPU
		{E22B62BF-3346-7BDD-E2B8-98440FDA957B}.Debug|Any CPU.Build.0 = Debug|Any CPU
		{E22B62BF-3346-7BDD-E2B8-98440FDA957B}.Debug|x64.ActiveCfg = Debug|Any CPU
		{E22B62BF-3346-7BDD-E2B8-98440FDA957B}.Debug|x64.Build.0 = Debug|Any CPU
		{E22B62BF-3346-7BDD-E2B8-98440FDA957B}.Debug|x86.ActiveCfg = Debug|Any CPU
		{E22B62BF-3346-7BDD-E2B8-98440FDA957B}.Debug|x86.Build.0 = Debug|Any CPU
		{E22B62BF-3346-7BDD-E2B8-98440FDA957B}.Release|Any CPU.ActiveCfg = Release|Any CPU
		{E22B62BF-3346-7BDD-E2B8-98440FDA957B}.Release|Any CPU.Build.0 = Release|Any CPU
		{E22B62BF-3346-7BDD-E2B8-98440FDA957B}.Release|x64.ActiveCfg = Release|Any CPU
		{E22B62BF-3346-7BDD-E2B8-98440FDA957B}.Release|x64.Build.0 = Release|Any CPU
		{E22B62BF-3346-7BDD-E2B8-98440FDA957B}.Release|x86.ActiveCfg = Release|Any CPU
		{E22B62BF-3346-7BDD-E2B8-98440FDA957B}.Release|x86.Build.0 = Release|Any CPU
		{3DB7208D-6A3E-45BE-B3E2-E68E5EFFC5B4}.Debug|Any CPU.ActiveCfg = Debug|Any CPU
		{3DB7208D-6A3E-45BE-B3E2-E68E5EFFC5B4}.Debug|Any CPU.Build.0 = Debug|Any CPU
		{3DB7208D-6A3E-45BE-B3E2-E68E5EFFC5B4}.Debug|x64.ActiveCfg = Debug|Any CPU
		{3DB7208D-6A3E-45BE-B3E2-E68E5EFFC5B4}.Debug|x64.Build.0 = Debug|Any CPU
		{3DB7208D-6A3E-45BE-B3E2-E68E5EFFC5B4}.Debug|x86.ActiveCfg = Debug|Any CPU
		{3DB7208D-6A3E-45BE-B3E2-E68E5EFFC5B4}.Debug|x86.Build.0 = Debug|Any CPU
		{3DB7208D-6A3E-45BE-B3E2-E68E5EFFC5B4}.Release|Any CPU.ActiveCfg = Release|Any CPU
		{3DB7208D-6A3E-45BE-B3E2-E68E5EFFC5B4}.Release|Any CPU.Build.0 = Release|Any CPU
		{3DB7208D-6A3E-45BE-B3E2-E68E5EFFC5B4}.Release|x64.ActiveCfg = Release|Any CPU
		{3DB7208D-6A3E-45BE-B3E2-E68E5EFFC5B4}.Release|x64.Build.0 = Release|Any CPU
		{3DB7208D-6A3E-45BE-B3E2-E68E5EFFC5B4}.Release|x86.ActiveCfg = Release|Any CPU
		{3DB7208D-6A3E-45BE-B3E2-E68E5EFFC5B4}.Release|x86.Build.0 = Release|Any CPU
	EndGlobalSection
	GlobalSection(SolutionProperties) = preSolution
		HideSolutionNode = FALSE
	EndGlobalSection
	GlobalSection(NestedProjects) = preSolution
		{3DB7208D-6A3E-45BE-B3E2-E68E5EFFC5B4} = {E2346E49-BBDF-0C76-6C7D-E878BE40B590}
	EndGlobalSection
	GlobalSection(ExtensibilityGlobals) = postSolution
		SolutionGuid = {2044B540-4F41-48FC-A848-FBDD60545AF0}
	EndGlobalSection
EndGlobal
